
Microsoft Visual Studio Solution File, Format Version 12.00
# Visual Studio Version 17
VisualStudioVersion = 17.14.36623.8 d17.14
MinimumVisualStudioVersion = 10.0.40219.1
Project("{FAE04EC0-301F-11D3-BF4B-00C04F79EFBC}") = "GitDemoApp", "GitDemoApp\GitDemoApp.csproj", "{0F8D0A5D-70B0-4B42-83F1-C1F7575278FD}"
EndProject
Global
	GlobalSection(SolutionConfigurationPlatforms) = preSolution
		Debug|Any CPU = Debug|Any CPU
		Release|Any CPU = Release|Any CPU
	EndGlobalSection
	GlobalSection(ProjectConfigurationPlatforms) = postSolution
		{0F8D0A5D-70B0-4B42-83F1-C1F7575278FD}.Debug|Any CPU.ActiveCfg = Debug|Any CPU
		{0F8D0A5D-70B0-4B42-83F1-C1F7575278FD}.Debug|Any CPU.Build.0 = Debug|Any CPU
		{0F8D0A5D-70B0-4B42-83F1-C1F7575278FD}.Release|Any CPU.ActiveCfg = Release|Any CPU
		{0F8D0A5D-70B0-4B42-83F1-C1F7575278FD}.Release|Any CPU.Build.0 = Release|Any CPU
	EndGlobalSection
	GlobalSection(SolutionProperties) = preSolution
		HideSolutionNode = FALSE
	EndGlobalSection
	GlobalSection(ExtensibilityGlobals) = postSolution
		SolutionGuid = {575B6C28-8B0F-42A3-B589-A67CEC41BE09}
	EndGlobalSection
EndGlobal
